// !$*UTF8*$!
{
	archiveVersion = 1;
	classes = {
	};
	objectVersion = 50;
	objects = {

/* Begin PBXBuildFile section */
		1B3932C0243F6306002DCDED /* AppDelegate.m in Sources */ = {isa = PBXBuildFile; fileRef = 1B3932BF243F6306002DCDED /* AppDelegate.m */; };
		1B3932C3243F6306002DCDED /* SceneDelegate.m in Sources */ = {isa = PBXBuildFile; fileRef = 1B3932C2243F6306002DCDED /* SceneDelegate.m */; };
		1B3932C9243F6306002DCDED /* Main.storyboard in Resources */ = {isa = PBXBuildFile; fileRef = 1B3932C7243F6306002DCDED /* Main.storyboard */; };
		1B3932CB243F630E002DCDED /* Assets.xcassets in Resources */ = {isa = PBXBuildFile; fileRef = 1B3932CA243F630E002DCDED /* Assets.xcassets */; };
		1B3932CE243F630E002DCDED /* LaunchScreen.storyboard in Resources */ = {isa = PBXBuildFile; fileRef = 1B3932CC243F630E002DCDED /* LaunchScreen.storyboard */; };
		1B3932D1243F630E002DCDED /* main.m in Sources */ = {isa = PBXBuildFile; fileRef = 1B3932D0243F630E002DCDED /* main.m */; };
		1B8C83CF2442B35200C0C3E4 /* APIController.swift in Sources */ = {isa = PBXBuildFile; fileRef = 1B8C83CE2442B35200C0C3E4 /* APIController.swift */; };
		1B8C83D22442B3A500C0C3E4 /* JLAPokemon.m in Sources */ = {isa = PBXBuildFile; fileRef = 1B8C83D12442B3A500C0C3E4 /* JLAPokemon.m */; };
		1B8C83D72442C0BE00C0C3E4 /* JLABattleViewController.m in Sources */ = {isa = PBXBuildFile; fileRef = 1B8C83D62442C0BE00C0C3E4 /* JLABattleViewController.m */; };
		1B8C83DE2443CC9A00C0C3E4 /* JLAStatsViewController.m in Sources */ = {isa = PBXBuildFile; fileRef = 1B8C83DD2443CC9A00C0C3E4 /* JLAStatsViewController.m */; };
/* End PBXBuildFile section */

/* Begin PBXFileReference section */
		1B3932BB243F6306002DCDED /* PokeRipoff.app */ = {isa = PBXFileReference; explicitFileType = wrapper.application; includeInIndex = 0; path = PokeRipoff.app; sourceTree = BUILT_PRODUCTS_DIR; };
		1B3932BE243F6306002DCDED /* AppDelegate.h */ = {isa = PBXFileReference; lastKnownFileType = sourcecode.c.h; path = AppDelegate.h; sourceTree = "<group>"; };
		1B3932BF243F6306002DCDED /* AppDelegate.m */ = {isa = PBXFileReference; lastKnownFileType = sourcecode.c.objc; path = AppDelegate.m; sourceTree = "<group>"; };
		1B3932C1243F6306002DCDED /* SceneDelegate.h */ = {isa = PBXFileReference; lastKnownFileType = sourcecode.c.h; path = SceneDelegate.h; sourceTree = "<group>"; };
		1B3932C2243F6306002DCDED /* SceneDelegate.m */ = {isa = PBXFileReference; lastKnownFileType = sourcecode.c.objc; path = SceneDelegate.m; sourceTree = "<group>"; };
		1B3932C8243F6306002DCDED /* Base */ = {isa = PBXFileReference; lastKnownFileType = file.storyboard; name = Base; path = Base.lproj/Main.storyboard; sourceTree = "<group>"; };
		1B3932CA243F630E002DCDED /* Assets.xcassets */ = {isa = PBXFileReference; lastKnownFileType = folder.assetcatalog; path = Assets.xcassets; sourceTree = "<group>"; };
		1B3932CD243F630E002DCDED /* Base */ = {isa = PBXFileReference; lastKnownFileType = file.storyboard; name = Base; path = Base.lproj/LaunchScreen.storyboard; sourceTree = "<group>"; };
		1B3932CF243F630E002DCDED /* Info.plist */ = {isa = PBXFileReference; lastKnownFileType = text.plist.xml; path = Info.plist; sourceTree = "<group>"; };
		1B3932D0243F630E002DCDED /* main.m */ = {isa = PBXFileReference; lastKnownFileType = sourcecode.c.objc; path = main.m; sourceTree = "<group>"; };
		1B8C83CD2442B35100C0C3E4 /* PokeRipoff-Bridging-Header.h */ = {isa = PBXFileReference; lastKnownFileType = sourcecode.c.h; name = "PokeRipoff-Bridging-Header.h"; path = "../Model Controllers/PokeRipoff-Bridging-Header.h"; sourceTree = "<group>"; };
		1B8C83CE2442B35200C0C3E4 /* APIController.swift */ = {isa = PBXFileReference; lastKnownFileType = sourcecode.swift; path = APIController.swift; sourceTree = "<group>"; };
		1B8C83D02442B3A500C0C3E4 /* JLAPokemon.h */ = {isa = PBXFileReference; lastKnownFileType = sourcecode.c.h; path = JLAPokemon.h; sourceTree = "<group>"; };
		1B8C83D12442B3A500C0C3E4 /* JLAPokemon.m */ = {isa = PBXFileReference; lastKnownFileType = sourcecode.c.objc; path = JLAPokemon.m; sourceTree = "<group>"; };
		1B8C83D52442C0BE00C0C3E4 /* JLABattleViewController.h */ = {isa = PBXFileReference; lastKnownFileType = sourcecode.c.h; path = JLABattleViewController.h; sourceTree = "<group>"; };
		1B8C83D62442C0BE00C0C3E4 /* JLABattleViewController.m */ = {isa = PBXFileReference; lastKnownFileType = sourcecode.c.objc; path = JLABattleViewController.m; sourceTree = "<group>"; };
		1B8C83DC2443CC9A00C0C3E4 /* JLAStatsViewController.h */ = {isa = PBXFileReference; lastKnownFileType = sourcecode.c.h; path = JLAStatsViewController.h; sourceTree = "<group>"; };
		1B8C83DD2443CC9A00C0C3E4 /* JLAStatsViewController.m */ = {isa = PBXFileReference; lastKnownFileType = sourcecode.c.objc; path = JLAStatsViewController.m; sourceTree = "<group>"; };
/* End PBXFileReference section */

/* Begin PBXFrameworksBuildPhase section */
		1B3932B8243F6306002DCDED /* Frameworks */ = {
			isa = PBXFrameworksBuildPhase;
			buildActionMask = 2147483647;
			files = (
			);
			runOnlyForDeploymentPostprocessing = 0;
		};
/* End PBXFrameworksBuildPhase section */

/* Begin PBXGroup section */
		1B3932B2243F6306002DCDED = {
			isa = PBXGroup;
			children = (
				1B3932BD243F6306002DCDED /* PokeRipoff */,
				1B3932BC243F6306002DCDED /* Products */,
			);
			sourceTree = "<group>";
		};
		1B3932BC243F6306002DCDED /* Products */ = {
			isa = PBXGroup;
			children = (
				1B3932BB243F6306002DCDED /* PokeRipoff.app */,
			);
			name = Products;
			sourceTree = "<group>";
		};
		1B3932BD243F6306002DCDED /* PokeRipoff */ = {
			isa = PBXGroup;
			children = (
				1B3932DB243F6361002DCDED /* Models */,
				1B3932DA243F6357002DCDED /* Model Controllers */,
				1B3932D9243F6337002DCDED /* View Controllers */,
				1B3932D8243F632C002DCDED /* Views */,
				1B3932D7243F6322002DCDED /* Resources */,
			);
			path = PokeRipoff;
			sourceTree = "<group>";
		};
		1B3932D7243F6322002DCDED /* Resources */ = {
			isa = PBXGroup;
			children = (
				1B8C83CD2442B35100C0C3E4 /* PokeRipoff-Bridging-Header.h */,
				1B3932CA243F630E002DCDED /* Assets.xcassets */,
				1B3932CF243F630E002DCDED /* Info.plist */,
				1B3932D0243F630E002DCDED /* main.m */,
				1B3932BE243F6306002DCDED /* AppDelegate.h */,
				1B3932BF243F6306002DCDED /* AppDelegate.m */,
				1B3932C1243F6306002DCDED /* SceneDelegate.h */,
				1B3932C2243F6306002DCDED /* SceneDelegate.m */,
			);
			path = Resources;
			sourceTree = "<group>";
		};
		1B3932D8243F632C002DCDED /* Views */ = {
			isa = PBXGroup;
			children = (
				1B3932C7243F6306002DCDED /* Main.storyboard */,
				1B3932CC243F630E002DCDED /* LaunchScreen.storyboard */,
			);
			path = Views;
			sourceTree = "<group>";
		};
		1B3932D9243F6337002DCDED /* View Controllers */ = {
			isa = PBXGroup;
			children = (
				1B8C83D52442C0BE00C0C3E4 /* JLABattleViewController.h */,
				1B8C83D62442C0BE00C0C3E4 /* JLABattleViewController.m */,
				1B8C83DC2443CC9A00C0C3E4 /* JLAStatsViewController.h */,
				1B8C83DD2443CC9A00C0C3E4 /* JLAStatsViewController.m */,
			);
			path = "View Controllers";
			sourceTree = "<group>";
		};
		1B3932DA243F6357002DCDED /* Model Controllers */ = {
			isa = PBXGroup;
			children = (
				1B8C83CE2442B35200C0C3E4 /* APIController.swift */,
			);
			path = "Model Controllers";
			sourceTree = "<group>";
		};
		1B3932DB243F6361002DCDED /* Models */ = {
			isa = PBXGroup;
			children = (
				1B8C83D02442B3A500C0C3E4 /* JLAPokemon.h */,
				1B8C83D12442B3A500C0C3E4 /* JLAPokemon.m */,
			);
			path = Models;
			sourceTree = "<group>";
		};
/* End PBXGroup section */

/* Begin PBXNativeTarget section */
		1B3932BA243F6306002DCDED /* PokeRipoff */ = {
			isa = PBXNativeTarget;
			buildConfigurationList = 1B3932D4243F630E002DCDED /* Build configuration list for PBXNativeTarget "PokeRipoff" */;
			buildPhases = (
				1B3932B7243F6306002DCDED /* Sources */,
				1B3932B8243F6306002DCDED /* Frameworks */,
				1B3932B9243F6306002DCDED /* Resources */,
			);
			buildRules = (
			);
			dependencies = (
			);
			name = PokeRipoff;
			productName = PokeRipoff;
			productReference = 1B3932BB243F6306002DCDED /* PokeRipoff.app */;
			productType = "com.apple.product-type.application";
		};
/* End PBXNativeTarget section */

/* Begin PBXProject section */
		1B3932B3243F6306002DCDED /* Project object */ = {
			isa = PBXProject;
			attributes = {
				CLASSPREFIX = JLA;
				LastUpgradeCheck = 1140;
				ORGANIZATIONNAME = "Jorge Alvarez";
				TargetAttributes = {
					1B3932BA243F6306002DCDED = {
						CreatedOnToolsVersion = 11.4;
						LastSwiftMigration = 1140;
					};
				};
			};
			buildConfigurationList = 1B3932B6243F6306002DCDED /* Build configuration list for PBXProject "PokeRipoff" */;
			compatibilityVersion = "Xcode 9.3";
			developmentRegion = en;
			hasScannedForEncodings = 0;
			knownRegions = (
				en,
				Base,
			);
			mainGroup = 1B3932B2243F6306002DCDED;
			productRefGroup = 1B3932BC243F6306002DCDED /* Products */;
			projectDirPath = "";
			projectRoot = "";
			targets = (
				1B3932BA243F6306002DCDED /* PokeRipoff */,
			);
		};
/* End PBXProject section */

/* Begin PBXResourcesBuildPhase section */
		1B3932B9243F6306002DCDED /* Resources */ = {
			isa = PBXResourcesBuildPhase;
			buildActionMask = 2147483647;
			files = (
				1B3932CE243F630E002DCDED /* LaunchScreen.storyboard in Resources */,
				1B3932CB243F630E002DCDED /* Assets.xcassets in Resources */,
				1B3932C9243F6306002DCDED /* Main.storyboard in Resources */,
			);
			runOnlyForDeploymentPostprocessing = 0;
		};
/* End PBXResourcesBuildPhase section */

/* Begin PBXSourcesBuildPhase section */
		1B3932B7243F6306002DCDED /* Sources */ = {
			isa = PBXSourcesBuildPhase;
			buildActionMask = 2147483647;
			files = (
				1B8C83DE2443CC9A00C0C3E4 /* JLAStatsViewController.m in Sources */,
				1B8C83D72442C0BE00C0C3E4 /* JLABattleViewController.m in Sources */,
				1B8C83CF2442B35200C0C3E4 /* APIController.swift in Sources */,
				1B3932C0243F6306002DCDED /* AppDelegate.m in Sources */,
				1B3932D1243F630E002DCDED /* main.m in Sources */,
				1B8C83D22442B3A500C0C3E4 /* JLAPokemon.m in Sources */,
				1B3932C3243F6306002DCDED /* SceneDelegate.m in Sources */,
			);
			runOnlyForDeploymentPostprocessing = 0;
		};
/* End PBXSourcesBuildPhase section */

/* Begin PBXVariantGroup section */
		1B3932C7243F6306002DCDED /* Main.storyboard */ = {
			isa = PBXVariantGroup;
			children = (
				1B3932C8243F6306002DCDED /* Base */,
			);
			name = Main.storyboard;
			sourceTree = "<group>";
		};
		1B3932CC243F630E002DCDED /* LaunchScreen.storyboard */ = {
			isa = PBXVariantGroup;
			children = (
				1B3932CD243F630E002DCDED /* Base */,
			);
			name = LaunchScreen.storyboard;
			sourceTree = "<group>";
		};
/* End PBXVariantGroup section */

/* Begin XCBuildConfiguration section */
		1B3932D2243F630E002DCDED /* Debug */ = {
			isa = XCBuildConfiguration;
			buildSettings = {
				ALWAYS_SEARCH_USER_PATHS = NO;
				CLANG_ANALYZER_NONNULL = YES;
				CLANG_ANALYZER_NUMBER_OBJECT_CONVERSION = YES_AGGRESSIVE;
				CLANG_CXX_LANGUAGE_STANDARD = "gnu++14";
				CLANG_CXX_LIBRARY = "libc++";
				CLANG_ENABLE_MODULES = YES;
				CLANG_ENABLE_OBJC_ARC = YES;
				CLANG_ENABLE_OBJC_WEAK = YES;
				CLANG_WARN_BLOCK_CAPTURE_AUTORELEASING = YES;
				CLANG_WARN_BOOL_CONVERSION = YES;
				CLANG_WARN_COMMA = YES;
				CLANG_WARN_CONSTANT_CONVERSION = YES;
				CLANG_WARN_DEPRECATED_OBJC_IMPLEMENTATIONS = YES;
				CLANG_WARN_DIRECT_OBJC_ISA_USAGE = YES_ERROR;
				CLANG_WARN_DOCUMENTATION_COMMENTS = YES;
				CLANG_WARN_EMPTY_BODY = YES;
				CLANG_WARN_ENUM_CONVERSION = YES;
				CLANG_WARN_INFINITE_RECURSION = YES;
				CLANG_WARN_INT_CONVERSION = YES;
				CLANG_WARN_NON_LITERAL_NULL_CONVERSION = YES;
				CLANG_WARN_OBJC_IMPLICIT_RETAIN_SELF = YES;
				CLANG_WARN_OBJC_LITERAL_CONVERSION = YES;
				CLANG_WARN_OBJC_ROOT_CLASS = YES_ERROR;
				CLANG_WARN_RANGE_LOOP_ANALYSIS = YES;
				CLANG_WARN_STRICT_PROTOTYPES = YES;
				CLANG_WARN_SUSPICIOUS_MOVE = YES;
				CLANG_WARN_UNGUARDED_AVAILABILITY = YES_AGGRESSIVE;
				CLANG_WARN_UNREACHABLE_CODE = YES;
				CLANG_WARN__DUPLICATE_METHOD_MATCH = YES;
				COPY_PHASE_STRIP = NO;
				DEBUG_INFORMATION_FORMAT = dwarf;
				ENABLE_STRICT_OBJC_MSGSEND = YES;
				ENABLE_TESTABILITY = YES;
				GCC_C_LANGUAGE_STANDARD = gnu11;
				GCC_DYNAMIC_NO_PIC = NO;
				GCC_NO_COMMON_BLOCKS = YES;
				GCC_OPTIMIZATION_LEVEL = 0;
				GCC_PREPROCESSOR_DEFINITIONS = (
					"DEBUG=1",
					"$(inherited)",
				);
				GCC_WARN_64_TO_32_BIT_CONVERSION = YES;
				GCC_WARN_ABOUT_RETURN_TYPE = YES_ERROR;
				GCC_WARN_UNDECLARED_SELECTOR = YES;
				GCC_WARN_UNINITIALIZED_AUTOS = YES_AGGRESSIVE;
				GCC_WARN_UNUSED_FUNCTION = YES;
				GCC_WARN_UNUSED_VARIABLE = YES;
				IPHONEOS_DEPLOYMENT_TARGET = 13.4;
				MTL_ENABLE_DEBUG_INFO = INCLUDE_SOURCE;
				MTL_FAST_MATH = YES;
				ONLY_ACTIVE_ARCH = YES;
				SDKROOT = iphoneos;
			};
			name = Debug;
		};
		1B3932D3243F630E002DCDED /* Release */ = {
			isa = XCBuildConfiguration;
			buildSettings = {
				ALWAYS_SEARCH_USER_PATHS = NO;
				CLANG_ANALYZER_NONNULL = YES;
				CLANG_ANALYZER_NUMBER_OBJECT_CONVERSION = YES_AGGRESSIVE;
				CLANG_CXX_LANGUAGE_STANDARD = "gnu++14";
				CLANG_CXX_LIBRARY = "libc++";
				CLANG_ENABLE_MODULES = YES;
				CLANG_ENABLE_OBJC_ARC = YES;
				CLANG_ENABLE_OBJC_WEAK = YES;
				CLANG_WARN_BLOCK_CAPTURE_AUTORELEASING = YES;
				CLANG_WARN_BOOL_CONVERSION = YES;
				CLANG_WARN_COMMA = YES;
				CLANG_WARN_CONSTANT_CONVERSION = YES;
				CLANG_WARN_DEPRECATED_OBJC_IMPLEMENTATIONS = YES;
				CLANG_WARN_DIRECT_OBJC_ISA_USAGE = YES_ERROR;
				CLANG_WARN_DOCUMENTATION_COMMENTS = YES;
				CLANG_WARN_EMPTY_BODY = YES;
				CLANG_WARN_ENUM_CONVERSION = YES;
				CLANG_WARN_INFINITE_RECURSION = YES;
				CLANG_WARN_INT_CONVERSION = YES;
				CLANG_WARN_NON_LITERAL_NULL_CONVERSION = YES;
				CLANG_WARN_OBJC_IMPLICIT_RETAIN_SELF = YES;
				CLANG_WARN_OBJC_LITERAL_CONVERSION = YES;
				CLANG_WARN_OBJC_ROOT_CLASS = YES_ERROR;
				CLANG_WARN_RANGE_LOOP_ANALYSIS = YES;
				CLANG_WARN_STRICT_PROTOTYPES = YES;
				CLANG_WARN_SUSPICIOUS_MOVE = YES;
				CLANG_WARN_UNGUARDED_AVAILABILITY = YES_AGGRESSIVE;
				CLANG_WARN_UNREACHABLE_CODE = YES;
				CLANG_WARN__DUPLICATE_METHOD_MATCH = YES;
				COPY_PHASE_STRIP = NO;
				DEBUG_INFORMATION_FORMAT = "dwarf-with-dsym";
				ENABLE_NS_ASSERTIONS = NO;
				ENABLE_STRICT_OBJC_MSGSEND = YES;
				GCC_C_LANGUAGE_STANDARD = gnu11;
				GCC_NO_COMMON_BLOCKS = YES;
				GCC_WARN_64_TO_32_BIT_CONVERSION = YES;
				GCC_WARN_ABOUT_RETURN_TYPE = YES_ERROR;
				GCC_WARN_UNDECLARED_SELECTOR = YES;
				GCC_WARN_UNINITIALIZED_AUTOS = YES_AGGRESSIVE;
				GCC_WARN_UNUSED_FUNCTION = YES;
				GCC_WARN_UNUSED_VARIABLE = YES;
				IPHONEOS_DEPLOYMENT_TARGET = 13.4;
				MTL_ENABLE_DEBUG_INFO = NO;
				MTL_FAST_MATH = YES;
				SDKROOT = iphoneos;
				VALIDATE_PRODUCT = YES;
			};
			name = Release;
		};
		1B3932D5243F630E002DCDED /* Debug */ = {
			isa = XCBuildConfiguration;
			buildSettings = {
				ASSETCATALOG_COMPILER_APPICON_NAME = AppIcon;
				CLANG_ENABLE_MODULES = YES;
				CODE_SIGN_STYLE = Automatic;
				DEVELOPMENT_TEAM = XFZ73X2DJQ;
				INFOPLIST_FILE = PokeRipoff/Resources/Info.plist;
				LD_RUNPATH_SEARCH_PATHS = (
					"$(inherited)",
					"@executable_path/Frameworks",
				);
				PRODUCT_BUNDLE_IDENTIFIER = com.jorgealvarez.PokeRipoff;
				PRODUCT_NAME = "$(TARGET_NAME)";
				SWIFT_OBJC_BRIDGING_HEADER = "PokeRipoff/Model Controllers/PokeRipoff-Bridging-Header.h";
				SWIFT_OPTIMIZATION_LEVEL = "-Onone";
				SWIFT_VERSION = 5.0;
				TARGETED_DEVICE_FAMILY = "1,2";
			};
			name = Debug;
		};
		1B3932D6243F630E002DCDED /* Release */ = {
			isa = XCBuildConfiguration;
			buildSettings = {
				ASSETCATALOG_COMPILER_APPICON_NAME = AppIcon;
				CLANG_ENABLE_MODULES = YES;
				CODE_SIGN_STYLE = Automatic;
				DEVELOPMENT_TEAM = XFZ73X2DJQ;
				INFOPLIST_FILE = PokeRipoff/Resources/Info.plist;
				LD_RUNPATH_SEARCH_PATHS = (
					"$(inherited)",
					"@executable_path/Frameworks",
				);
				PRODUCT_BUNDLE_IDENTIFIER = com.jorgealvarez.PokeRipoff;
				PRODUCT_NAME = "$(TARGET_NAME)";
				SWIFT_OBJC_BRIDGING_HEADER = "PokeRipoff/Model Controllers/PokeRipoff-Bridging-Header.h";
				SWIFT_VERSION = 5.0;
				TARGETED_DEVICE_FAMILY = "1,2";
			};
			name = Release;
		};
/* End XCBuildConfiguration section */

/* Begin XCConfigurationList section */
		1B3932B6243F6306002DCDED /* Build configuration list for PBXProject "PokeRipoff" */ = {
			isa = XCConfigurationList;
			buildConfigurations = (
				1B3932D2243F630E002DCDED /* Debug */,
				1B3932D3243F630E002DCDED /* Release */,
			);
			defaultConfigurationIsVisible = 0;
			defaultConfigurationName = Release;
		};
		1B3932D4243F630E002DCDED /* Build configuration list for PBXNativeTarget "PokeRipoff" */ = {
			isa = XCConfigurationList;
			buildConfigurations = (
				1B3932D5243F630E002DCDED /* Debug */,
				1B3932D6243F630E002DCDED /* Release */,
			);
			defaultConfigurationIsVisible = 0;
			defaultConfigurationName = Release;
		};
/* End XCConfigurationList section */
	};
	rootObject = 1B3932B3243F6306002DCDED /* Project object */;
}
